
Microsoft Visual Studio Solution File, Format Version 12.00
# Visual Studio Version 17
VisualStudioVersion = 17.8.34408.163
MinimumVisualStudioVersion = 10.0.40219.1
Project("{004BC8E3-F11A-4787-83C6-875D307DBE22}") = "MEraEmuWin", "MEraEmuWin.vcxproj", "{420882EF-45A4-4759-8E76-9B225441713E}"
EndProject
Project("{004BC8E3-F11A-4787-83C6-875D307DBE22}") = "MEraEmuWin.Win32", "MEraEmuWin.Win32.vcxproj", "{31399A99-C022-4AF9-804C-3714A52C257B}"
EndProject
Global
	GlobalSection(SolutionConfigurationPlatforms) = preSolution
		Debug|ARM = Debug|ARM
		Debug|ARM64 = Debug|ARM64
		Debug|x64 = Debug|x64
		Debug|x86 = Debug|x86
		Release|ARM = Release|ARM
		Release|ARM64 = Release|ARM64
		Release|x64 = Release|x64
		Release|x86 = Release|x86
	EndGlobalSection
	GlobalSection(ProjectConfigurationPlatforms) = postSolution
		{420882EF-45A4-4759-8E76-9B225441713E}.Debug|ARM.ActiveCfg = Debug|ARM
		{420882EF-45A4-4759-8E76-9B225441713E}.Debug|ARM.Build.0 = Debug|ARM
		{420882EF-45A4-4759-8E76-9B225441713E}.Debug|ARM.Deploy.0 = Debug|ARM
		{420882EF-45A4-4759-8E76-9B225441713E}.Debug|ARM64.ActiveCfg = Debug|ARM64
		{420882EF-45A4-4759-8E76-9B225441713E}.Debug|ARM64.Build.0 = Debug|ARM64
		{420882EF-45A4-4759-8E76-9B225441713E}.Debug|ARM64.Deploy.0 = Debug|ARM64
		{420882EF-45A4-4759-8E76-9B225441713E}.Debug|x64.ActiveCfg = Debug|x64
		{420882EF-45A4-4759-8E76-9B225441713E}.Debug|x64.Build.0 = Debug|x64
		{420882EF-45A4-4759-8E76-9B225441713E}.Debug|x86.ActiveCfg = Debug|Win32
		{420882EF-45A4-4759-8E76-9B225441713E}.Debug|x86.Build.0 = Debug|Win32
		{420882EF-45A4-4759-8E76-9B225441713E}.Debug|x86.Deploy.0 = Debug|Win32
		{420882EF-45A4-4759-8E76-9B225441713E}.Release|ARM.ActiveCfg = Release|ARM
		{420882EF-45A4-4759-8E76-9B225441713E}.Release|ARM.Build.0 = Release|ARM
		{420882EF-45A4-4759-8E76-9B225441713E}.Release|ARM.Deploy.0 = Release|ARM
		{420882EF-45A4-4759-8E76-9B225441713E}.Release|ARM64.ActiveCfg = Release|ARM64
		{420882EF-45A4-4759-8E76-9B225441713E}.Release|ARM64.Build.0 = Release|ARM64
		{420882EF-45A4-4759-8E76-9B225441713E}.Release|ARM64.Deploy.0 = Release|ARM64
		{420882EF-45A4-4759-8E76-9B225441713E}.Release|x64.ActiveCfg = Release|x64
		{420882EF-45A4-4759-8E76-9B225441713E}.Release|x64.Build.0 = Release|x64
		{420882EF-45A4-4759-8E76-9B225441713E}.Release|x86.ActiveCfg = Release|Win32
		{420882EF-45A4-4759-8E76-9B225441713E}.Release|x86.Build.0 = Release|Win32
		{420882EF-45A4-4759-8E76-9B225441713E}.Release|x86.Deploy.0 = Release|Win32
		{31399A99-C022-4AF9-804C-3714A52C257B}.Debug|ARM.ActiveCfg = Debug|x64
		{31399A99-C022-4AF9-804C-3714A52C257B}.Debug|ARM.Build.0 = Debug|x64
		{31399A99-C022-4AF9-804C-3714A52C257B}.Debug|ARM64.ActiveCfg = Debug|x64
		{31399A99-C022-4AF9-804C-3714A52C257B}.Debug|ARM64.Build.0 = Debug|x64
		{31399A99-C022-4AF9-804C-3714A52C257B}.Debug|x64.ActiveCfg = Debug|x64
		{31399A99-C022-4AF9-804C-3714A52C257B}.Debug|x64.Build.0 = Debug|x64
		{31399A99-C022-4AF9-804C-3714A52C257B}.Debug|x86.ActiveCfg = Debug|Win32
		{31399A99-C022-4AF9-804C-3714A52C257B}.Debug|x86.Build.0 = Debug|Win32
		{31399A99-C022-4AF9-804C-3714A52C257B}.Release|ARM.ActiveCfg = Release|x64
		{31399A99-C022-4AF9-804C-3714A52C257B}.Release|ARM.Build.0 = Release|x64
		{31399A99-C022-4AF9-804C-3714A52C257B}.Release|ARM64.ActiveCfg = Release|x64
		{31399A99-C022-4AF9-804C-3714A52C257B}.Release|ARM64.Build.0 = Release|x64
		{31399A99-C022-4AF9-804C-3714A52C257B}.Release|x64.ActiveCfg = Release|x64
		{31399A99-C022-4AF9-804C-3714A52C257B}.Release|x64.Build.0 = Release|x64
		{31399A99-C022-4AF9-804C-3714A52C257B}.Release|x86.ActiveCfg = Release|Win32
		{31399A99-C022-4AF9-804C-3714A52C257B}.Release|x86.Build.0 = Release|Win32
	EndGlobalSection
	GlobalSection(SolutionProperties) = preSolution
		HideSolutionNode = FALSE
	EndGlobalSection
	GlobalSection(ExtensibilityGlobals) = postSolution
		SolutionGuid = {6DB89A1E-61F8-4DC1-BF99-DBBD349D4B24}
	EndGlobalSection
EndGlobal
