<?xml version="1.0" encoding="utf-8"?>
<Project ToolsVersion="4.0" xmlns="http://schemas.microsoft.com/developer/msbuild/2003">
  <ItemGroup>
    <ApplicationDefinition Include="App.xaml" />
  </ItemGroup>
  <ItemGroup>
    <Page Include="MainPage.xaml" />
    <Page Include="EngineControl.xaml" />
    <Page Include="ScrollBar_themeresources_v1.xaml" />
    <Page Include="ScrollViewer_themeresources_v1.xaml" />
    <Page Include="DevTools\MainPage.xaml">
      <Filter>DevTools</Filter>
    </Page>
    <Page Include="DevTools\CodeEditControl.xaml">
      <Filter>DevTools</Filter>
    </Page>
    <Page Include="Settings\MainPage.xaml">
      <Filter>Settings</Filter>
    </Page>
    <Page Include="Settings\GeneralPage.xaml">
      <Filter>Settings</Filter>
    </Page>
  </ItemGroup>
  <ItemGroup>
    <Midl Include="App.idl" />
    <Midl Include="MainPage.idl" />
    <Midl Include="DevTools\SourcesFileTabItem.idl">
      <Filter>DevTools</Filter>
    </Midl>
    <Midl Include="DevTools\SourcesTabCallStackTabItem.idl">
      <Filter>DevTools</Filter>
    </Midl>
    <Midl Include="DevTools\SourcesTabWatchTabItem.idl">
      <Filter>DevTools</Filter>
    </Midl>
    <Midl Include="RelayCommand.idl" />
    <Midl Include="DevTools\QuickActionItem.idl">
      <Filter>DevTools</Filter>
    </Midl>
    <Midl Include="DevTools\SourcesTabBreakpointItem.idl">
      <Filter>DevTools</Filter>
    </Midl>
    <Midl Include="AppSettingsVM.idl" />
  </ItemGroup>
  <ItemGroup>
    <ClCompile Include="pch.cpp" />
    <ClCompile Include="App.cpp" />
    <ClCompile Include="MainPage.cpp" />
    <ClCompile Include="$(GeneratedFilesDir)module.g.cpp" />
    <ClCompile Include="main.cpp" />
    <ClCompile Include="MEraEngine.cpp" />
    <ClCompile Include="ScintillaModule.cpp" />
    <ClCompile Include="DevTools\CodeEditControl.SciEdit.cpp">
      <Filter>DevTools</Filter>
    </ClCompile>
  </ItemGroup>
  <ItemGroup>
    <ClInclude Include="pch.h" />
    <ClInclude Include="MEraEngine.hpp" />
    <ClInclude Include="util.hpp" />
    <ClInclude Include="ScintillaModule.hpp" />
    <ClInclude Include="Shared.hpp" />
  </ItemGroup>
  <ItemGroup>
    <Image Include="Assets\Wide310x150Logo.scale-200.png">
      <Filter>Assets</Filter>
    </Image>
    <Image Include="Assets\StoreLogo.png">
      <Filter>Assets</Filter>
    </Image>
    <Image Include="Assets\Square150x150Logo.scale-200.png">
      <Filter>Assets</Filter>
    </Image>
    <Image Include="Assets\Square44x44Logo.targetsize-24_altform-unplated.png">
      <Filter>Assets</Filter>
    </Image>
    <Image Include="Assets\Square44x44Logo.scale-200.png">
      <Filter>Assets</Filter>
    </Image>
    <Image Include="Assets\SplashScreen.scale-200.png">
      <Filter>Assets</Filter>
    </Image>
    <Image Include="Assets\LockScreenLogo.scale-200.png">
      <Filter>Assets</Filter>
    </Image>
  </ItemGroup>
  <ItemGroup>
    <AppxManifest Include="Package.appxmanifest" />
  </ItemGroup>
  <ItemGroup>
    <Filter Include="Assets">
      <UniqueIdentifier>{e48dc53e-40b1-40cb-970a-f89935452892}</UniqueIdentifier>
    </Filter>
    <Filter Include="DevTools">
      <UniqueIdentifier>{23869983-96de-4108-9b4a-4012e34d6dd3}</UniqueIdentifier>
    </Filter>
    <Filter Include="Assets\Fonts">
      <UniqueIdentifier>{451f82c4-8b18-45a6-9ff1-947c10eb4a8d}</UniqueIdentifier>
    </Filter>
    <Filter Include="Settings">
      <UniqueIdentifier>{9bd24905-7621-4be2-a387-7a6994c13074}</UniqueIdentifier>
    </Filter>
  </ItemGroup>
  <ItemGroup>
    <None Include="PropertySheet.props" />
    <None Include="packages.config" />
  </ItemGroup>
  <ItemGroup>
    <Text Include="readme.txt" />
  </ItemGroup>
  <ItemGroup>
    <Manifest Include="App.exe.manifest" />
  </ItemGroup>
  <ItemGroup>
    <CustomBuild Include="..\MEraEmuCore\src\lib.rs" />
  </ItemGroup>
  <ItemGroup>
    <Font Include="Assets\Fonts\MaterialSymbolsOutlined-Light.ttf">
      <Filter>Assets\Fonts</Filter>
    </Font>
  </ItemGroup>
</Project>